// !$*UTF8*$!
{
	archiveVersion = 1;
	classes = {
	};
	objectVersion = 46;
	objects = {

/* Begin PBXBuildFile section */
		9B6930741B6DDC5D009846AC /* RatingControl.swift in Sources */ = {isa = PBXBuildFile; fileRef = 9B6930731B6DDC5D009846AC /* RatingControl.swift */; };
		9BA13CBA1B67EC6500177FBE /* AppDelegate.swift in Sources */ = {isa = PBXBuildFile; fileRef = 9BA13CB91B67EC6500177FBE /* AppDelegate.swift */; };
		9BA13CBC1B67EC6500177FBE /* ViewController.swift in Sources */ = {isa = PBXBuildFile; fileRef = 9BA13CBB1B67EC6500177FBE /* ViewController.swift */; };
		9BA13CBF1B67EC6500177FBE /* Main.storyboard in Resources */ = {isa = PBXBuildFile; fileRef = 9BA13CBD1B67EC6500177FBE /* Main.storyboard */; };
		9BA13CC11B67EC6500177FBE /* Assets.xcassets in Resources */ = {isa = PBXBuildFile; fileRef = 9BA13CC01B67EC6500177FBE /* Assets.xcassets */; };
		9BA13CC41B67EC6500177FBE /* LaunchScreen.storyboard in Resources */ = {isa = PBXBuildFile; fileRef = 9BA13CC21B67EC6500177FBE /* LaunchScreen.storyboard */; };
		9BA13CCF1B67EC6500177FBE /* FoodTrackerTests.swift in Sources */ = {isa = PBXBuildFile; fileRef = 9BA13CCE1B67EC6500177FBE /* FoodTrackerTests.swift */; };
/* End PBXBuildFile section */

/* Begin PBXContainerItemProxy section */
		9BA13CCB1B67EC6500177FBE /* PBXContainerItemProxy */ = {
			isa = PBXContainerItemProxy;
			containerPortal = 9BA13CAE1B67EC6400177FBE /* Project object */;
			proxyType = 1;
			remoteGlobalIDString = 9BA13CB51B67EC6400177FBE;
			remoteInfo = FoodTracker;
		};
/* End PBXContainerItemProxy section */

/* Begin PBXFileReference section */
		9B6930731B6DDC5D009846AC /* RatingControl.swift */ = {isa = PBXFileReference; fileEncoding = 4; lastKnownFileType = sourcecode.swift; path = RatingControl.swift; sourceTree = "<group>"; };
		9BA13CB61B67EC6400177FBE /* FoodTracker.app */ = {isa = PBXFileReference; explicitFileType = wrapper.application; includeInIndex = 0; path = FoodTracker.app; sourceTree = BUILT_PRODUCTS_DIR; };
		9BA13CB91B67EC6500177FBE /* AppDelegate.swift */ = {isa = PBXFileReference; lastKnownFileType = sourcecode.swift; path = AppDelegate.swift; sourceTree = "<group>"; };
		9BA13CBB1B67EC6500177FBE /* ViewController.swift */ = {isa = PBXFileReference; lastKnownFileType = sourcecode.swift; path = ViewController.swift; sourceTree = "<group>"; };
		9BA13CBE1B67EC6500177FBE /* Base */ = {isa = PBXFileReference; lastKnownFileType = file.storyboard; name = Base; path = Base.lproj/Main.storyboard; sourceTree = "<group>"; };
		9BA13CC01B67EC6500177FBE /* Assets.xcassets */ = {isa = PBXFileReference; lastKnownFileType = folder.assetcatalog; path = Assets.xcassets; sourceTree = "<group>"; };
		9BA13CC31B67EC6500177FBE /* Base */ = {isa = PBXFileReference; lastKnownFileType = file.storyboard; name = Base; path = Base.lproj/LaunchScreen.storyboard; sourceTree = "<group>"; };
		9BA13CC51B67EC6500177FBE /* Info.plist */ = {isa = PBXFileReference; lastKnownFileType = text.plist.xml; path = Info.plist; sourceTree = "<group>"; };
		9BA13CCA1B67EC6500177FBE /* FoodTrackerTests.xctest */ = {isa = PBXFileReference; explicitFileType = wrapper.cfbundle; includeInIndex = 0; path = FoodTrackerTests.xctest; sourceTree = BUILT_PRODUCTS_DIR; };
		9BA13CCE1B67EC6500177FBE /* FoodTrackerTests.swift */ = {isa = PBXFileReference; lastKnownFileType = sourcecode.swift; path = FoodTrackerTests.swift; sourceTree = "<group>"; };
		9BA13CD01B67EC6500177FBE /* Info.plist */ = {isa = PBXFileReference; lastKnownFileType = text.plist.xml; path = Info.plist; sourceTree = "<group>"; };
/* End PBXFileReference section */

/* Begin PBXFrameworksBuildPhase section */
		9BA13CB31B67EC6400177FBE /* Frameworks */ = {
			isa = PBXFrameworksBuildPhase;
			buildActionMask = 2147483647;
			files = (
			);
			runOnlyForDeploymentPostprocessing = 0;
		};
		9BA13CC71B67EC6500177FBE /* Frameworks */ = {
			isa = PBXFrameworksBuildPhase;
			buildActionMask = 2147483647;
			files = (
			);
			runOnlyForDeploymentPostprocessing = 0;
		};
/* End PBXFrameworksBuildPhase section */

/* Begin PBXGroup section */
		9BA13CAD1B67EC6400177FBE = {
			isa = PBXGroup;
			children = (
				9BA13CB81B67EC6400177FBE /* FoodTracker */,
				9BA13CCD1B67EC6500177FBE /* FoodTrackerTests */,
				9BA13CB71B67EC6400177FBE /* Products */,
			);
			sourceTree = "<group>";
		};
		9BA13CB71B67EC6400177FBE /* Products */ = {
			isa = PBXGroup;
			children = (
				9BA13CB61B67EC6400177FBE /* FoodTracker.app */,
				9BA13CCA1B67EC6500177FBE /* FoodTrackerTests.xctest */,
			);
			name = Products;
			sourceTree = "<group>";
		};
		9BA13CB81B67EC6400177FBE /* FoodTracker */ = {
			isa = PBXGroup;
			children = (
				9BA13CB91B67EC6500177FBE /* AppDelegate.swift */,
				9BA13CBB1B67EC6500177FBE /* ViewController.swift */,
				9B6930731B6DDC5D009846AC /* RatingControl.swift */,
				9BA13CBD1B67EC6500177FBE /* Main.storyboard */,
				9BA13CC01B67EC6500177FBE /* Assets.xcassets */,
				9BA13CC21B67EC6500177FBE /* LaunchScreen.storyboard */,
				9BA13CC51B67EC6500177FBE /* Info.plist */,
			);
			path = FoodTracker;
			sourceTree = "<group>";
		};
		9BA13CCD1B67EC6500177FBE /* FoodTrackerTests */ = {
			isa = PBXGroup;
			children = (
				9BA13CCE1B67EC6500177FBE /* FoodTrackerTests.swift */,
				9BA13CD01B67EC6500177FBE /* Info.plist */,
			);
			path = FoodTrackerTests;
			sourceTree = "<group>";
		};
/* End PBXGroup section */

/* Begin PBXNativeTarget section */
		9BA13CB51B67EC6400177FBE /* FoodTracker */ = {
			isa = PBXNativeTarget;
			buildConfigurationList = 9BA13CD31B67EC6500177FBE /* Build configuration list for PBXNativeTarget "FoodTracker" */;
			buildPhases = (
				9BA13CB21B67EC6400177FBE /* Sources */,
				9BA13CB31B67EC6400177FBE /* Frameworks */,
				9BA13CB41B67EC6400177FBE /* Resources */,
			);
			buildRules = (
			);
			dependencies = (
			);
			name = FoodTracker;
			productName = FoodTracker;
			productReference = 9BA13CB61B67EC6400177FBE /* FoodTracker.app */;
			productType = "com.apple.product-type.application";
		};
		9BA13CC91B67EC6500177FBE /* FoodTrackerTests */ = {
			isa = PBXNativeTarget;
			buildConfigurationList = 9BA13CD61B67EC6500177FBE /* Build configuration list for PBXNativeTarget "FoodTrackerTests" */;
			buildPhases = (
				9BA13CC61B67EC6500177FBE /* Sources */,
				9BA13CC71B67EC6500177FBE /* Frameworks */,
				9BA13CC81B67EC6500177FBE /* Resources */,
			);
			buildRules = (
			);
			dependencies = (
				9BA13CCC1B67EC6500177FBE /* PBXTargetDependency */,
			);
			name = FoodTrackerTests;
			productName = FoodTrackerTests;
			productReference = 9BA13CCA1B67EC6500177FBE /* FoodTrackerTests.xctest */;
			productType = "com.apple.product-type.bundle.unit-test";
		};
/* End PBXNativeTarget section */

/* Begin PBXProject section */
		9BA13CAE1B67EC6400177FBE /* Project object */ = {
			isa = PBXProject;
			attributes = {
				LastUpgradeCheck = 0700;
				ORGANIZATIONNAME = ruby;
				TargetAttributes = {
					9BA13CB51B67EC6400177FBE = {
						CreatedOnToolsVersion = 7.0;
					};
					9BA13CC91B67EC6500177FBE = {
						CreatedOnToolsVersion = 7.0;
						TestTargetID = 9BA13CB51B67EC6400177FBE;
					};
				};
			};
			buildConfigurationList = 9BA13CB11B67EC6400177FBE /* Build configuration list for PBXProject "FoodTracker" */;
			compatibilityVersion = "Xcode 3.2";
			developmentRegion = English;
			hasScannedForEncodings = 0;
			knownRegions = (
				en,
				Base,
			);
			mainGroup = 9BA13CAD1B67EC6400177FBE;
			productRefGroup = 9BA13CB71B67EC6400177FBE /* Products */;
			projectDirPath = "";
			projectRoot = "";
			targets = (
				9BA13CB51B67EC6400177FBE /* FoodTracker */,
				9BA13CC91B67EC6500177FBE /* FoodTrackerTests */,
			);
		};
/* End PBXProject section */

/* Begin PBXResourcesBuildPhase section */
		9BA13CB41B67EC6400177FBE /* Resources */ = {
			isa = PBXResourcesBuildPhase;
			buildActionMask = 2147483647;
			files = (
				9BA13CC41B67EC6500177FBE /* LaunchScreen.storyboard in Resources */,
				9BA13CC11B67EC6500177FBE /* Assets.xcassets in Resources */,
				9BA13CBF1B67EC6500177FBE /* Main.storyboard in Resources */,
			);
			runOnlyForDeploymentPostprocessing = 0;
		};
		9BA13CC81B67EC6500177FBE /* Resources */ = {
			isa = PBXResourcesBuildPhase;
			buildActionMask = 2147483647;
			files = (
			);
			runOnlyForDeploymentPostprocessing = 0;
		};
/* End PBXResourcesBuildPhase section */

/* Begin PBXSourcesBuildPhase section */
		9BA13CB21B67EC6400177FBE /* Sources */ = {
			isa = PBXSourcesBuildPhase;
			buildActionMask = 2147483647;
			files = (
				9BA13CBC1B67EC6500177FBE /* ViewController.swift in Sources */,
				9B6930741B6DDC5D009846AC /* RatingControl.swift in Sources */,
				9BA13CBA1B67EC6500177FBE /* AppDelegate.swift in Sources */,
			);
			runOnlyForDeploymentPostprocessing = 0;
		};
		9BA13CC61B67EC6500177FBE /* Sources */ = {
			isa = PBXSourcesBuildPhase;
			buildActionMask = 2147483647;
			files = (
				9BA13CCF1B67EC6500177FBE /* FoodTrackerTests.swift in Sources */,
			);
			runOnlyForDeploymentPostprocessing = 0;
		};
/* End PBXSourcesBuildPhase section */

/* Begin PBXTargetDependency section */
		9BA13CCC1B67EC6500177FBE /* PBXTargetDependency */ = {
			isa = PBXTargetDependency;
			target = 9BA13CB51B67EC6400177FBE /* FoodTracker */;
			targetProxy = 9BA13CCB1B67EC6500177FBE /* PBXContainerItemProxy */;
		};
/* End PBXTargetDependency section */

/* Begin PBXVariantGroup section */
		9BA13CBD1B67EC6500177FBE /* Main.storyboard */ = {
			isa = PBXVariantGroup;
			children = (
				9BA13CBE1B67EC6500177FBE /* Base */,
			);
			name = Main.storyboard;
			sourceTree = "<group>";
		};
		9BA13CC21B67EC6500177FBE /* LaunchScreen.storyboard */ = {
			isa = PBXVariantGroup;
			children = (
				9BA13CC31B67EC6500177FBE /* Base */,
			);
			name = LaunchScreen.storyboard;
			sourceTree = "<group>";
		};
/* End PBXVariantGroup section */

/* Begin XCBuildConfiguration section */
		9BA13CD11B67EC6500177FBE /* Debug */ = {
			isa = XCBuildConfiguration;
			buildSettings = {
				ALWAYS_SEARCH_USER_PATHS = NO;
				CLANG_CXX_LANGUAGE_STANDARD = "gnu++0x";
				CLANG_CXX_LIBRARY = "libc++";
				CLANG_ENABLE_MODULES = YES;
				CLANG_ENABLE_OBJC_ARC = YES;
				CLANG_WARN_BOOL_CONVERSION = YES;
				CLANG_WARN_CONSTANT_CONVERSION = YES;
				CLANG_WARN_DIRECT_OBJC_ISA_USAGE = YES_ERROR;
				CLANG_WARN_EMPTY_BODY = YES;
				CLANG_WARN_ENUM_CONVERSION = YES;
				CLANG_WARN_INT_CONVERSION = YES;
				CLANG_WARN_OBJC_ROOT_CLASS = YES_ERROR;
				CLANG_WARN_UNREACHABLE_CODE = YES;
				CLANG_WARN__DUPLICATE_METHOD_MATCH = YES;
				"CODE_SIGN_IDENTITY[sdk=iphoneos*]" = "iPhone Developer";
				COPY_PHASE_STRIP = NO;
				DEBUG_INFORMATION_FORMAT = dwarf;
				ENABLE_STRICT_OBJC_MSGSEND = YES;
				ENABLE_TESTABILITY = YES;
				GCC_C_LANGUAGE_STANDARD = gnu99;
				GCC_DYNAMIC_NO_PIC = NO;
				GCC_NO_COMMON_BLOCKS = YES;
				GCC_OPTIMIZATION_LEVEL = 0;
				GCC_PREPROCESSOR_DEFINITIONS = (
					"DEBUG=1",
					"$(inherited)",
				);
				GCC_WARN_64_TO_32_BIT_CONVERSION = YES;
				GCC_WARN_ABOUT_RETURN_TYPE = YES_ERROR;
				GCC_WARN_UNDECLARED_SELECTOR = YES;
				GCC_WARN_UNINITIALIZED_AUTOS = YES_AGGRESSIVE;
				GCC_WARN_UNUSED_FUNCTION = YES;
				GCC_WARN_UNUSED_VARIABLE = YES;
				IPHONEOS_DEPLOYMENT_TARGET = 9.0;
				MTL_ENABLE_DEBUG_INFO = YES;
				ONLY_ACTIVE_ARCH = YES;
				SDKROOT = iphoneos;
				SWIFT_OPTIMIZATION_LEVEL = "-Onone";
				TARGETED_DEVICE_FAMILY = "1,2";
			};
			name = Debug;
		};
		9BA13CD21B67EC6500177FBE /* Release */ = {
			isa = XCBuildConfiguration;
			buildSettings = {
				ALWAYS_SEARCH_USER_PATHS = NO;
				CLANG_CXX_LANGUAGE_STANDARD = "gnu++0x";
				CLANG_CXX_LIBRARY = "libc++";
				CLANG_ENABLE_MODULES = YES;
				CLANG_ENABLE_OBJC_ARC = YES;
				CLANG_WARN_BOOL_CONVERSION = YES;
				CLANG_WARN_CONSTANT_CONVERSION = YES;
				CLANG_WARN_DIRECT_OBJC_ISA_USAGE = YES_ERROR;
				CLANG_WARN_EMPTY_BODY = YES;
				CLANG_WARN_ENUM_CONVERSION = YES;
				CLANG_WARN_INT_CONVERSION = YES;
				CLANG_WARN_OBJC_ROOT_CLASS = YES_ERROR;
				CLANG_WARN_UNREACHABLE_CODE = YES;
				CLANG_WARN__DUPLICATE_METHOD_MATCH = YES;
				"CODE_SIGN_IDENTITY[sdk=iphoneos*]" = "iPhone Developer";
				COPY_PHASE_STRIP = NO;
				DEBUG_INFORMATION_FORMAT = "dwarf-with-dsym";
				ENABLE_NS_ASSERTIONS = NO;
				ENABLE_STRICT_OBJC_MSGSEND = YES;
				GCC_C_LANGUAGE_STANDARD = gnu99;
				GCC_NO_COMMON_BLOCKS = YES;
				GCC_WARN_64_TO_32_BIT_CONVERSION = YES;
				GCC_WARN_ABOUT_RETURN_TYPE = YES_ERROR;
				GCC_WARN_UNDECLARED_SELECTOR = YES;
				GCC_WARN_UNINITIALIZED_AUTOS = YES_AGGRESSIVE;
				GCC_WARN_UNUSED_FUNCTION = YES;
				GCC_WARN_UNUSED_VARIABLE = YES;
				IPHONEOS_DEPLOYMENT_TARGET = 9.0;
				MTL_ENABLE_DEBUG_INFO = NO;
				SDKROOT = iphoneos;
				TARGETED_DEVICE_FAMILY = "1,2";
				VALIDATE_PRODUCT = YES;
			};
			name = Release;
		};
		9BA13CD41B67EC6500177FBE /* Debug */ = {
			isa = XCBuildConfiguration;
			buildSettings = {
				ASSETCATALOG_COMPILER_APPICON_NAME = AppIcon;
				INFOPLIST_FILE = FoodTracker/Info.plist;
				LD_RUNPATH_SEARCH_PATHS = "$(inherited) @executable_path/Frameworks";
				PRODUCT_BUNDLE_IDENTIFIER = com.example.FoodTracker;
				PRODUCT_NAME = "$(TARGET_NAME)";
			};
			name = Debug;
		};
		9BA13CD51B67EC6500177FBE /* Release */ = {
			isa = XCBuildConfiguration;
			buildSettings = {
				ASSETCATALOG_COMPILER_APPICON_NAME = AppIcon;
				INFOPLIST_FILE = FoodTracker/Info.plist;
				LD_RUNPATH_SEARCH_PATHS = "$(inherited) @executable_path/Frameworks";
				PRODUCT_BUNDLE_IDENTIFIER = com.example.FoodTracker;
				PRODUCT_NAME = "$(TARGET_NAME)";
			};
			name = Release;
		};
		9BA13CD71B67EC6500177FBE /* Debug */ = {
			isa = XCBuildConfiguration;
			buildSettings = {
				BUNDLE_LOADER = "$(TEST_HOST)";
				INFOPLIST_FILE = FoodTrackerTests/Info.plist;
				LD_RUNPATH_SEARCH_PATHS = "$(inherited) @executable_path/Frameworks @loader_path/Frameworks";
				PRODUCT_BUNDLE_IDENTIFIER = com.example.FoodTrackerTests;
				PRODUCT_NAME = "$(TARGET_NAME)";
				TEST_HOST = "$(BUILT_PRODUCTS_DIR)/FoodTracker.app/FoodTracker";
			};
			name = Debug;
		};
		9BA13CD81B67EC6500177FBE /* Release */ = {
			isa = XCBuildConfiguration;
			buildSettings = {
				BUNDLE_LOADER = "$(TEST_HOST)";
				INFOPLIST_FILE = FoodTrackerTests/Info.plist;
				LD_RUNPATH_SEARCH_PATHS = "$(inherited) @executable_path/Frameworks @loader_path/Frameworks";
				PRODUCT_BUNDLE_IDENTIFIER = com.example.FoodTrackerTests;
				PRODUCT_NAME = "$(TARGET_NAME)";
				TEST_HOST = "$(BUILT_PRODUCTS_DIR)/FoodTracker.app/FoodTracker";
			};
			name = Release;
		};
/* End XCBuildConfiguration section */

/* Begin XCConfigurationList section */
		9BA13CB11B67EC6400177FBE /* Build configuration list for PBXProject "FoodTracker" */ = {
			isa = XCConfigurationList;
			buildConfigurations = (
				9BA13CD11B67EC6500177FBE /* Debug */,
				9BA13CD21B67EC6500177FBE /* Release */,
			);
			defaultConfigurationIsVisible = 0;
			defaultConfigurationName = Release;
		};
		9BA13CD31B67EC6500177FBE /* Build configuration list for PBXNativeTarget "FoodTracker" */ = {
			isa = XCConfigurationList;
			buildConfigurations = (
				9BA13CD41B67EC6500177FBE /* Debug */,
				9BA13CD51B67EC6500177FBE /* Release */,
			);
			defaultConfigurationIsVisible = 0;
			defaultConfigurationName = Release;
		};
		9BA13CD61B67EC6500177FBE /* Build configuration list for PBXNativeTarget "FoodTrackerTests" */ = {
			isa = XCConfigurationList;
			buildConfigurations = (
				9BA13CD71B67EC6500177FBE /* Debug */,
				9BA13CD81B67EC6500177FBE /* Release */,
			);
			defaultConfigurationIsVisible = 0;
			defaultConfigurationName = Release;
		};
/* End XCConfigurationList section */
	};
	rootObject = 9BA13CAE1B67EC6400177FBE /* Project object */;
}
